{
  "name": "andyparfei",
  "lockfileVersion": 3,
  "requires": true,
  "packages": {
    "": {
      "dependencies": {
        "asciify-engine": "^1.0.80"
      }
    },
    "node_modules/asciify-engine": {
      "version": "1.0.80",
      "resolved": "https://registry.npmjs.org/asciify-engine/-/asciify-engine-1.0.80.tgz",
      "integrity": "sha512-ux1fgYOR5N+2SGWC4/119JLELWDywU6sW/rQrqSTeKTbJPUqIaUGzCMtXEoExRShJVdVpYWav8L/QrvVGxnzaw==",
      "license": "MIT",
      "dependencies": {
        "gifuct-js": "^2.1.2"
      }
    },
    "node_modules/gifuct-js": {
      "version": "2.1.2",
      "resolved": "https://registry.npmjs.org/gifuct-js/-/gifuct-js-2.1.2.tgz",
      "integrity": "sha512-rI2asw77u0mGgwhV3qA+OEgYqaDn5UNqgs+Bx0FGwSpuqfYn+Ir6RQY5ENNQ8SbIiG/m5gVa7CD5RriO4f4Lsg==",
      "license": "MIT",
      "dependencies": {
        "js-binary-schema-parser": "^2.0.3"
      }
    },
    "node_modules/js-binary-schema-parser": {
      "version": "2.0.3",
      "resolved": "https://registry.npmjs.org/js-binary-schema-parser/-/js-binary-schema-parser-2.0.3.tgz",
      "integrity": "sha512-xezGJmOb4lk/M1ZZLTR/jaBHQ4gG/lqQnJqdIv4721DMggsa1bDVlHXNeHYogaIEHD9vCRv0fcL4hMA+Coarkg==",
      "license": "MIT"
    }
  }
}
